// !$*UTF8*$!
{
	archiveVersion = 1;
	classes = {
	};
	objectVersion = 56;
	objects = {

/* Begin PBXBuildFile section */
		884083B02995B3A300B7C500 /* SnacktackularApp.swift in Sources */ = {isa = PBXBuildFile; fileRef = 884083AF2995B3A300B7C500 /* SnacktackularApp.swift */; };
		884083B22995B3A300B7C500 /* LoginView.swift in Sources */ = {isa = PBXBuildFile; fileRef = 884083B12995B3A300B7C500 /* LoginView.swift */; };
		884083B42995B3A500B7C500 /* Assets.xcassets in Resources */ = {isa = PBXBuildFile; fileRef = 884083B32995B3A500B7C500 /* Assets.xcassets */; };
		884083B72995B3A500B7C500 /* Preview Assets.xcassets in Resources */ = {isa = PBXBuildFile; fileRef = 884083B62995B3A500B7C500 /* Preview Assets.xcassets */; };
		887E13F22995B4B4007C79A0 /* GoogleService-Info.plist in Resources */ = {isa = PBXBuildFile; fileRef = 887E13F12995B4B4007C79A0 /* GoogleService-Info.plist */; };
		887E13F52995B62C007C79A0 /* FirebaseAuth in Frameworks */ = {isa = PBXBuildFile; productRef = 887E13F42995B62C007C79A0 /* FirebaseAuth */; };
		887E13F72995B62C007C79A0 /* FirebaseFirestore in Frameworks */ = {isa = PBXBuildFile; productRef = 887E13F62995B62C007C79A0 /* FirebaseFirestore */; };
		887E13F92995B62C007C79A0 /* FirebaseFirestoreSwift in Frameworks */ = {isa = PBXBuildFile; productRef = 887E13F82995B62C007C79A0 /* FirebaseFirestoreSwift */; };
		887E13FB2995B62C007C79A0 /* FirebaseStorage in Frameworks */ = {isa = PBXBuildFile; productRef = 887E13FA2995B62C007C79A0 /* FirebaseStorage */; };
		887E13FE29964A56007C79A0 /* ListView.swift in Sources */ = {isa = PBXBuildFile; fileRef = 887E13FD29964A56007C79A0 /* ListView.swift */; };
		887E1400299665DE007C79A0 /* Spot.swift in Sources */ = {isa = PBXBuildFile; fileRef = 887E13FF299665DE007C79A0 /* Spot.swift */; };
		887E140229966646007C79A0 /* SpotDetailView.swift in Sources */ = {isa = PBXBuildFile; fileRef = 887E140129966646007C79A0 /* SpotDetailView.swift */; };
		887E1404299667CD007C79A0 /* SpotViewModel.swift in Sources */ = {isa = PBXBuildFile; fileRef = 887E1403299667CD007C79A0 /* SpotViewModel.swift */; };
/* End PBXBuildFile section */

/* Begin PBXFileReference section */
		884083AC2995B3A300B7C500 /* Snacktackular.app */ = {isa = PBXFileReference; explicitFileType = wrapper.application; includeInIndex = 0; path = Snacktackular.app; sourceTree = BUILT_PRODUCTS_DIR; };
		884083AF2995B3A300B7C500 /* SnacktackularApp.swift */ = {isa = PBXFileReference; lastKnownFileType = sourcecode.swift; path = SnacktackularApp.swift; sourceTree = "<group>"; };
		884083B12995B3A300B7C500 /* LoginView.swift */ = {isa = PBXFileReference; lastKnownFileType = sourcecode.swift; path = LoginView.swift; sourceTree = "<group>"; };
		884083B32995B3A500B7C500 /* Assets.xcassets */ = {isa = PBXFileReference; lastKnownFileType = folder.assetcatalog; path = Assets.xcassets; sourceTree = "<group>"; };
		884083B62995B3A500B7C500 /* Preview Assets.xcassets */ = {isa = PBXFileReference; lastKnownFileType = folder.assetcatalog; path = "Preview Assets.xcassets"; sourceTree = "<group>"; };
		887E13F12995B4B4007C79A0 /* GoogleService-Info.plist */ = {isa = PBXFileReference; fileEncoding = 4; lastKnownFileType = text.plist.xml; path = "GoogleService-Info.plist"; sourceTree = "<group>"; };
		887E13FC2995B68D007C79A0 /* Info.plist */ = {isa = PBXFileReference; lastKnownFileType = text.plist; path = Info.plist; sourceTree = "<group>"; };
		887E13FD29964A56007C79A0 /* ListView.swift */ = {isa = PBXFileReference; lastKnownFileType = sourcecode.swift; path = ListView.swift; sourceTree = "<group>"; };
		887E13FF299665DE007C79A0 /* Spot.swift */ = {isa = PBXFileReference; lastKnownFileType = sourcecode.swift; path = Spot.swift; sourceTree = "<group>"; };
		887E140129966646007C79A0 /* SpotDetailView.swift */ = {isa = PBXFileReference; lastKnownFileType = sourcecode.swift; path = SpotDetailView.swift; sourceTree = "<group>"; };
		887E1403299667CD007C79A0 /* SpotViewModel.swift */ = {isa = PBXFileReference; lastKnownFileType = sourcecode.swift; path = SpotViewModel.swift; sourceTree = "<group>"; };
/* End PBXFileReference section */

/* Begin PBXFrameworksBuildPhase section */
		884083A92995B3A300B7C500 /* Frameworks */ = {
			isa = PBXFrameworksBuildPhase;
			buildActionMask = 2147483647;
			files = (
				887E13F52995B62C007C79A0 /* FirebaseAuth in Frameworks */,
				887E13FB2995B62C007C79A0 /* FirebaseStorage in Frameworks */,
				887E13F72995B62C007C79A0 /* FirebaseFirestore in Frameworks */,
				887E13F92995B62C007C79A0 /* FirebaseFirestoreSwift in Frameworks */,
			);
			runOnlyForDeploymentPostprocessing = 0;
		};
/* End PBXFrameworksBuildPhase section */

/* Begin PBXGroup section */
		884083A32995B3A300B7C500 = {
			isa = PBXGroup;
			children = (
				884083AE2995B3A300B7C500 /* Snacktackular */,
				884083AD2995B3A300B7C500 /* Products */,
			);
			sourceTree = "<group>";
		};
		884083AD2995B3A300B7C500 /* Products */ = {
			isa = PBXGroup;
			children = (
				884083AC2995B3A300B7C500 /* Snacktackular.app */,
			);
			name = Products;
			sourceTree = "<group>";
		};
		884083AE2995B3A300B7C500 /* Snacktackular */ = {
			isa = PBXGroup;
			children = (
				887E13FC2995B68D007C79A0 /* Info.plist */,
				884083AF2995B3A300B7C500 /* SnacktackularApp.swift */,
				884083B12995B3A300B7C500 /* LoginView.swift */,
				887E13FD29964A56007C79A0 /* ListView.swift */,
				887E13FF299665DE007C79A0 /* Spot.swift */,
				887E140129966646007C79A0 /* SpotDetailView.swift */,
				887E1403299667CD007C79A0 /* SpotViewModel.swift */,
				884083B32995B3A500B7C500 /* Assets.xcassets */,
				887E13F12995B4B4007C79A0 /* GoogleService-Info.plist */,
				884083B52995B3A500B7C500 /* Preview Content */,
			);
			path = Snacktackular;
			sourceTree = "<group>";
		};
		884083B52995B3A500B7C500 /* Preview Content */ = {
			isa = PBXGroup;
			children = (
				884083B62995B3A500B7C500 /* Preview Assets.xcassets */,
			);
			path = "Preview Content";
			sourceTree = "<group>";
		};
/* End PBXGroup section */

/* Begin PBXNativeTarget section */
		884083AB2995B3A300B7C500 /* Snacktackular */ = {
			isa = PBXNativeTarget;
			buildConfigurationList = 884083BA2995B3A500B7C500 /* Build configuration list for PBXNativeTarget "Snacktackular" */;
			buildPhases = (
				884083A82995B3A300B7C500 /* Sources */,
				884083A92995B3A300B7C500 /* Frameworks */,
				884083AA2995B3A300B7C500 /* Resources */,
			);
			buildRules = (
			);
			dependencies = (
			);
			name = Snacktackular;
			packageProductDependencies = (
				887E13F42995B62C007C79A0 /* FirebaseAuth */,
				887E13F62995B62C007C79A0 /* FirebaseFirestore */,
				887E13F82995B62C007C79A0 /* FirebaseFirestoreSwift */,
				887E13FA2995B62C007C79A0 /* FirebaseStorage */,
			);
			productName = Snacktackular;
			productReference = 884083AC2995B3A300B7C500 /* Snacktackular.app */;
			productType = "com.apple.product-type.application";
		};
/* End PBXNativeTarget section */

/* Begin PBXProject section */
		884083A42995B3A300B7C500 /* Project object */ = {
			isa = PBXProject;
			attributes = {
				BuildIndependentTargetsInParallel = 1;
				LastSwiftUpdateCheck = 1420;
				LastUpgradeCheck = 1420;
				TargetAttributes = {
					884083AB2995B3A300B7C500 = {
						CreatedOnToolsVersion = 14.2;
					};
				};
			};
			buildConfigurationList = 884083A72995B3A300B7C500 /* Build configuration list for PBXProject "Snacktackular" */;
			compatibilityVersion = "Xcode 14.0";
			developmentRegion = en;
			hasScannedForEncodings = 0;
			knownRegions = (
				en,
				Base,
			);
			mainGroup = 884083A32995B3A300B7C500;
			packageReferences = (
				887E13F32995B62C007C79A0 /* XCRemoteSwiftPackageReference "firebase-ios-sdk" */,
			);
			productRefGroup = 884083AD2995B3A300B7C500 /* Products */;
			projectDirPath = "";
			projectRoot = "";
			targets = (
				884083AB2995B3A300B7C500 /* Snacktackular */,
			);
		};
/* End PBXProject section */

/* Begin PBXResourcesBuildPhase section */
		884083AA2995B3A300B7C500 /* Resources */ = {
			isa = PBXResourcesBuildPhase;
			buildActionMask = 2147483647;
			files = (
				884083B72995B3A500B7C500 /* Preview Assets.xcassets in Resources */,
				884083B42995B3A500B7C500 /* Assets.xcassets in Resources */,
				887E13F22995B4B4007C79A0 /* GoogleService-Info.plist in Resources */,
			);
			runOnlyForDeploymentPostprocessing = 0;
		};
/* End PBXResourcesBuildPhase section */

/* Begin PBXSourcesBuildPhase section */
		884083A82995B3A300B7C500 /* Sources */ = {
			isa = PBXSourcesBuildPhase;
			buildActionMask = 2147483647;
			files = (
				887E140229966646007C79A0 /* SpotDetailView.swift in Sources */,
				884083B22995B3A300B7C500 /* LoginView.swift in Sources */,
				887E1404299667CD007C79A0 /* SpotViewModel.swift in Sources */,
				884083B02995B3A300B7C500 /* SnacktackularApp.swift in Sources */,
				887E13FE29964A56007C79A0 /* ListView.swift in Sources */,
				887E1400299665DE007C79A0 /* Spot.swift in Sources */,
			);
			runOnlyForDeploymentPostprocessing = 0;
		};
/* End PBXSourcesBuildPhase section */

/* Begin XCBuildConfiguration section */
		884083B82995B3A500B7C500 /* Debug */ = {
			isa = XCBuildConfiguration;
			buildSettings = {
				ALWAYS_SEARCH_USER_PATHS = NO;
				CLANG_ANALYZER_NONNULL = YES;
				CLANG_ANALYZER_NUMBER_OBJECT_CONVERSION = YES_AGGRESSIVE;
				CLANG_CXX_LANGUAGE_STANDARD = "gnu++20";
				CLANG_ENABLE_MODULES = YES;
				CLANG_ENABLE_OBJC_ARC = YES;
				CLANG_ENABLE_OBJC_WEAK = YES;
				CLANG_WARN_BLOCK_CAPTURE_AUTORELEASING = YES;
				CLANG_WARN_BOOL_CONVERSION = YES;
				CLANG_WARN_COMMA = YES;
				CLANG_WARN_CONSTANT_CONVERSION = YES;
				CLANG_WARN_DEPRECATED_OBJC_IMPLEMENTATIONS = YES;
				CLANG_WARN_DIRECT_OBJC_ISA_USAGE = YES_ERROR;
				CLANG_WARN_DOCUMENTATION_COMMENTS = YES;
				CLANG_WARN_EMPTY_BODY = YES;
				CLANG_WARN_ENUM_CONVERSION = YES;
				CLANG_WARN_INFINITE_RECURSION = YES;
				CLANG_WARN_INT_CONVERSION = YES;
				CLANG_WARN_NON_LITERAL_NULL_CONVERSION = YES;
				CLANG_WARN_OBJC_IMPLICIT_RETAIN_SELF = YES;
				CLANG_WARN_OBJC_LITERAL_CONVERSION = YES;
				CLANG_WARN_OBJC_ROOT_CLASS = YES_ERROR;
				CLANG_WARN_QUOTED_INCLUDE_IN_FRAMEWORK_HEADER = YES;
				CLANG_WARN_RANGE_LOOP_ANALYSIS = YES;
				CLANG_WARN_STRICT_PROTOTYPES = YES;
				CLANG_WARN_SUSPICIOUS_MOVE = YES;
				CLANG_WARN_UNGUARDED_AVAILABILITY = YES_AGGRESSIVE;
				CLANG_WARN_UNREACHABLE_CODE = YES;
				CLANG_WARN__DUPLICATE_METHOD_MATCH = YES;
				COPY_PHASE_STRIP = NO;
				DEBUG_INFORMATION_FORMAT = dwarf;
				ENABLE_STRICT_OBJC_MSGSEND = YES;
				ENABLE_TESTABILITY = YES;
				GCC_C_LANGUAGE_STANDARD = gnu11;
				GCC_DYNAMIC_NO_PIC = NO;
				GCC_NO_COMMON_BLOCKS = YES;
				GCC_OPTIMIZATION_LEVEL = 0;
				GCC_PREPROCESSOR_DEFINITIONS = (
					"DEBUG=1",
					"$(inherited)",
				);
				GCC_WARN_64_TO_32_BIT_CONVERSION = YES;
				GCC_WARN_ABOUT_RETURN_TYPE = YES_ERROR;
				GCC_WARN_UNDECLARED_SELECTOR = YES;
				GCC_WARN_UNINITIALIZED_AUTOS = YES_AGGRESSIVE;
				GCC_WARN_UNUSED_FUNCTION = YES;
				GCC_WARN_UNUSED_VARIABLE = YES;
				IPHONEOS_DEPLOYMENT_TARGET = 16.2;
				MTL_ENABLE_DEBUG_INFO = INCLUDE_SOURCE;
				MTL_FAST_MATH = YES;
				ONLY_ACTIVE_ARCH = YES;
				SDKROOT = iphoneos;
				SWIFT_ACTIVE_COMPILATION_CONDITIONS = DEBUG;
				SWIFT_OPTIMIZATION_LEVEL = "-Onone";
			};
			name = Debug;
		};
		884083B92995B3A500B7C500 /* Release */ = {
			isa = XCBuildConfiguration;
			buildSettings = {
				ALWAYS_SEARCH_USER_PATHS = NO;
				CLANG_ANALYZER_NONNULL = YES;
				CLANG_ANALYZER_NUMBER_OBJECT_CONVERSION = YES_AGGRESSIVE;
				CLANG_CXX_LANGUAGE_STANDARD = "gnu++20";
				CLANG_ENABLE_MODULES = YES;
				CLANG_ENABLE_OBJC_ARC = YES;
				CLANG_ENABLE_OBJC_WEAK = YES;
				CLANG_WARN_BLOCK_CAPTURE_AUTORELEASING = YES;
				CLANG_WARN_BOOL_CONVERSION = YES;
				CLANG_WARN_COMMA = YES;
				CLANG_WARN_CONSTANT_CONVERSION = YES;
				CLANG_WARN_DEPRECATED_OBJC_IMPLEMENTATIONS = YES;
				CLANG_WARN_DIRECT_OBJC_ISA_USAGE = YES_ERROR;
				CLANG_WARN_DOCUMENTATION_COMMENTS = YES;
				CLANG_WARN_EMPTY_BODY = YES;
				CLANG_WARN_ENUM_CONVERSION = YES;
				CLANG_WARN_INFINITE_RECURSION = YES;
				CLANG_WARN_INT_CONVERSION = YES;
				CLANG_WARN_NON_LITERAL_NULL_CONVERSION = YES;
				CLANG_WARN_OBJC_IMPLICIT_RETAIN_SELF = YES;
				CLANG_WARN_OBJC_LITERAL_CONVERSION = YES;
				CLANG_WARN_OBJC_ROOT_CLASS = YES_ERROR;
				CLANG_WARN_QUOTED_INCLUDE_IN_FRAMEWORK_HEADER = YES;
				CLANG_WARN_RANGE_LOOP_ANALYSIS = YES;
				CLANG_WARN_STRICT_PROTOTYPES = YES;
				CLANG_WARN_SUSPICIOUS_MOVE = YES;
				CLANG_WARN_UNGUARDED_AVAILABILITY = YES_AGGRESSIVE;
				CLANG_WARN_UNREACHABLE_CODE = YES;
				CLANG_WARN__DUPLICATE_METHOD_MATCH = YES;
				COPY_PHASE_STRIP = NO;
				DEBUG_INFORMATION_FORMAT = "dwarf-with-dsym";
				ENABLE_NS_ASSERTIONS = NO;
				ENABLE_STRICT_OBJC_MSGSEND = YES;
				GCC_C_LANGUAGE_STANDARD = gnu11;
				GCC_NO_COMMON_BLOCKS = YES;
				GCC_WARN_64_TO_32_BIT_CONVERSION = YES;
				GCC_WARN_ABOUT_RETURN_TYPE = YES_ERROR;
				GCC_WARN_UNDECLARED_SELECTOR = YES;
				GCC_WARN_UNINITIALIZED_AUTOS = YES_AGGRESSIVE;
				GCC_WARN_UNUSED_FUNCTION = YES;
				GCC_WARN_UNUSED_VARIABLE = YES;
				IPHONEOS_DEPLOYMENT_TARGET = 16.2;
				MTL_ENABLE_DEBUG_INFO = NO;
				MTL_FAST_MATH = YES;
				SDKROOT = iphoneos;
				SWIFT_COMPILATION_MODE = wholemodule;
				SWIFT_OPTIMIZATION_LEVEL = "-O";
				VALIDATE_PRODUCT = YES;
			};
			name = Release;
		};
		884083BB2995B3A500B7C500 /* Debug */ = {
			isa = XCBuildConfiguration;
			buildSettings = {
				ASSETCATALOG_COMPILER_APPICON_NAME = AppIcon;
				ASSETCATALOG_COMPILER_GLOBAL_ACCENT_COLOR_NAME = AccentColor;
				CODE_SIGN_STYLE = Automatic;
				CURRENT_PROJECT_VERSION = 1;
				DEVELOPMENT_ASSET_PATHS = "\"Snacktackular/Preview Content\"";
				DEVELOPMENT_TEAM = K5KM89TUD2;
				ENABLE_PREVIEWS = YES;
				GENERATE_INFOPLIST_FILE = YES;
				INFOPLIST_FILE = Snacktackular/Info.plist;
				INFOPLIST_KEY_UIApplicationSupportsIndirectInputEvents = YES;
				INFOPLIST_KEY_UISupportedInterfaceOrientations_iPad = "UIInterfaceOrientationPortrait UIInterfaceOrientationPortraitUpsideDown UIInterfaceOrientationLandscapeLeft UIInterfaceOrientationLandscapeRight";
				INFOPLIST_KEY_UISupportedInterfaceOrientations_iPhone = "UIInterfaceOrientationPortrait UIInterfaceOrientationLandscapeLeft UIInterfaceOrientationLandscapeRight";
				LD_RUNPATH_SEARCH_PATHS = (
					"$(inherited)",
					"@executable_path/Frameworks",
				);
				MARKETING_VERSION = 1.0;
				PRODUCT_BUNDLE_IDENTIFIER = com.heewhack.Snacktackular;
				PRODUCT_NAME = "$(TARGET_NAME)";
				SWIFT_EMIT_LOC_STRINGS = YES;
				SWIFT_VERSION = 5.0;
				TARGETED_DEVICE_FAMILY = "1,2";
			};
			name = Debug;
		};
		884083BC2995B3A500B7C500 /* Release */ = {
			isa = XCBuildConfiguration;
			buildSettings = {
				ASSETCATALOG_COMPILER_APPICON_NAME = AppIcon;
				ASSETCATALOG_COMPILER_GLOBAL_ACCENT_COLOR_NAME = AccentColor;
				CODE_SIGN_STYLE = Automatic;
				CURRENT_PROJECT_VERSION = 1;
				DEVELOPMENT_ASSET_PATHS = "\"Snacktackular/Preview Content\"";
				DEVELOPMENT_TEAM = K5KM89TUD2;
				ENABLE_PREVIEWS = YES;
				GENERATE_INFOPLIST_FILE = YES;
				INFOPLIST_FILE = Snacktackular/Info.plist;
				INFOPLIST_KEY_UIApplicationSupportsIndirectInputEvents = YES;
				INFOPLIST_KEY_UISupportedInterfaceOrientations_iPad = "UIInterfaceOrientationPortrait UIInterfaceOrientationPortraitUpsideDown UIInterfaceOrientationLandscapeLeft UIInterfaceOrientationLandscapeRight";
				INFOPLIST_KEY_UISupportedInterfaceOrientations_iPhone = "UIInterfaceOrientationPortrait UIInterfaceOrientationLandscapeLeft UIInterfaceOrientationLandscapeRight";
				LD_RUNPATH_SEARCH_PATHS = (
					"$(inherited)",
					"@executable_path/Frameworks",
				);
				MARKETING_VERSION = 1.0;
				PRODUCT_BUNDLE_IDENTIFIER = com.heewhack.Snacktackular;
				PRODUCT_NAME = "$(TARGET_NAME)";
				SWIFT_EMIT_LOC_STRINGS = YES;
				SWIFT_VERSION = 5.0;
				TARGETED_DEVICE_FAMILY = "1,2";
			};
			name = Release;
		};
/* End XCBuildConfiguration section */

/* Begin XCConfigurationList section */
		884083A72995B3A300B7C500 /* Build configuration list for PBXProject "Snacktackular" */ = {
			isa = XCConfigurationList;
			buildConfigurations = (
				884083B82995B3A500B7C500 /* Debug */,
				884083B92995B3A500B7C500 /* Release */,
			);
			defaultConfigurationIsVisible = 0;
			defaultConfigurationName = Release;
		};
		884083BA2995B3A500B7C500 /* Build configuration list for PBXNativeTarget "Snacktackular" */ = {
			isa = XCConfigurationList;
			buildConfigurations = (
				884083BB2995B3A500B7C500 /* Debug */,
				884083BC2995B3A500B7C500 /* Release */,
			);
			defaultConfigurationIsVisible = 0;
			defaultConfigurationName = Release;
		};
/* End XCConfigurationList section */

/* Begin XCRemoteSwiftPackageReference section */
		887E13F32995B62C007C79A0 /* XCRemoteSwiftPackageReference "firebase-ios-sdk" */ = {
			isa = XCRemoteSwiftPackageReference;
			repositoryURL = "https://github.com/firebase/firebase-ios-sdk.git";
			requirement = {
				kind = upToNextMajorVersion;
				minimumVersion = 9.0.0;
			};
		};
/* End XCRemoteSwiftPackageReference section */

/* Begin XCSwiftPackageProductDependency section */
		887E13F42995B62C007C79A0 /* FirebaseAuth */ = {
			isa = XCSwiftPackageProductDependency;
			package = 887E13F32995B62C007C79A0 /* XCRemoteSwiftPackageReference "firebase-ios-sdk" */;
			productName = FirebaseAuth;
		};
		887E13F62995B62C007C79A0 /* FirebaseFirestore */ = {
			isa = XCSwiftPackageProductDependency;
			package = 887E13F32995B62C007C79A0 /* XCRemoteSwiftPackageReference "firebase-ios-sdk" */;
			productName = FirebaseFirestore;
		};
		887E13F82995B62C007C79A0 /* FirebaseFirestoreSwift */ = {
			isa = XCSwiftPackageProductDependency;
			package = 887E13F32995B62C007C79A0 /* XCRemoteSwiftPackageReference "firebase-ios-sdk" */;
			productName = FirebaseFirestoreSwift;
		};
		887E13FA2995B62C007C79A0 /* FirebaseStorage */ = {
			isa = XCSwiftPackageProductDependency;
			package = 887E13F32995B62C007C79A0 /* XCRemoteSwiftPackageReference "firebase-ios-sdk" */;
			productName = FirebaseStorage;
		};
/* End XCSwiftPackageProductDependency section */
	};
	rootObject = 884083A42995B3A300B7C500 /* Project object */;
}
